
Microsoft Visual Studio Solution File, Format Version 12.00
# Visual Studio Version 17
VisualStudioVersion = 17.4.33213.308
MinimumVisualStudioVersion = 10.0.40219.1
Project("{8BC9CEB8-8B4A-11D0-8D11-00A0C91BC942}") = "Programming Base", "Programming Base.vcxproj", "{F4F4390B-0C26-46D4-A0DE-8A34DA7E9C41}"
EndProject
Project("{8BC9CEB8-8B4A-11D0-8D11-00A0C91BC942}") = "Step1", "Step1\Step1.vcxproj", "{F1394DE8-D250-4C3A-A012-A603C8C3B12E}"
EndProject
Project("{8BC9CEB8-8B4A-11D0-8D11-00A0C91BC942}") = "Step2", "Step2\Step2.vcxproj", "{F0348181-D12C-41F5-B4CF-C9631177F2B6}"
EndProject
Project("{8BC9CEB8-8B4A-11D0-8D11-00A0C91BC942}") = "0320", "0320\0320.vcxproj", "{F8552D8F-822F-4237-AA4C-87EC90944350}"
EndProject
Project("{8BC9CEB8-8B4A-11D0-8D11-00A0C91BC942}") = "0322", "..\0322\0322.vcxproj", "{997F359F-B7A7-4B0D-A140-BEADB9638B2A}"
EndProject
Project("{8BC9CEB8-8B4A-11D0-8D11-00A0C91BC942}") = "0327", "0327\0327.vcxproj", "{B91BA15E-399F-4261-9DA3-7A2E5D18FF81}"
EndProject
Project("{8BC9CEB8-8B4A-11D0-8D11-00A0C91BC942}") = "0329", "0329\0329.vcxproj", "{CD8167DD-B594-474E-A3AB-A2C95BDC8459}"
EndProject
Project("{8BC9CEB8-8B4A-11D0-8D11-00A0C91BC942}") = "0403", "0403\0403.vcxproj", "{61334980-F077-42D1-974C-D58819646ACB}"
EndProject
Project("{8BC9CEB8-8B4A-11D0-8D11-00A0C91BC942}") = "MyAccount", "MyAccount\MyAccount.vcxproj", "{B1F6C4CE-F28B-4A24-AC9D-01C1F7EA8790}"
EndProject
Project("{8BC9CEB8-8B4A-11D0-8D11-00A0C91BC942}") = "0405", "0405\0405.vcxproj", "{538AA4AD-35A4-4FEB-AA04-1998B36F2BBF}"
EndProject
Project("{8BC9CEB8-8B4A-11D0-8D11-00A0C91BC942}") = "0410", "410\410.vcxproj", "{BFD36074-950C-48CC-AF39-23BDE40A063F}"
EndProject
Project("{8BC9CEB8-8B4A-11D0-8D11-00A0C91BC942}") = "0412", "0412\0412.vcxproj", "{70239255-E0D1-442E-A3DF-CBF6097A0436}"
EndProject
Project("{8BC9CEB8-8B4A-11D0-8D11-00A0C91BC942}") = "0417", "0417\0417.vcxproj", "{F178DBF3-B133-471D-B7EC-43FA82441601}"
EndProject
Project("{8BC9CEB8-8B4A-11D0-8D11-00A0C91BC942}") = "0419", "0419\0419.vcxproj", "{ABCD7890-C9A6-4538-BEBA-AEF088CFD9C2}"
EndProject
Project("{8BC9CEB8-8B4A-11D0-8D11-00A0C91BC942}") = "0426", "0426\0426.vcxproj", "{665828C1-BEAF-45E1-B167-44EAAD763E50}"
EndProject
Project("{8BC9CEB8-8B4A-11D0-8D11-00A0C91BC942}") = "0501", "0501\0501.vcxproj", "{564567AE-D96F-4794-B8EC-1ADC5B7CF1F4}"
EndProject
Project("{8BC9CEB8-8B4A-11D0-8D11-00A0C91BC942}") = "0503", "0503\0503.vcxproj", "{A206ECBE-F920-4F56-9B6C-3D0B7F6DC3F9}"
EndProject
Project("{8BC9CEB8-8B4A-11D0-8D11-00A0C91BC942}") = "0510", "0510\0510.vcxproj", "{EAD7B1CD-77FE-44AB-B188-FA028DCFFAA5}"
EndProject
Global
	GlobalSection(SolutionConfigurationPlatforms) = preSolution
		Debug|x64 = Debug|x64
		Debug|x86 = Debug|x86
		Release|x64 = Release|x64
		Release|x86 = Release|x86
	EndGlobalSection
	GlobalSection(ProjectConfigurationPlatforms) = postSolution
		{F4F4390B-0C26-46D4-A0DE-8A34DA7E9C41}.Debug|x64.ActiveCfg = Debug|x64
		{F4F4390B-0C26-46D4-A0DE-8A34DA7E9C41}.Debug|x64.Build.0 = Debug|x64
		{F4F4390B-0C26-46D4-A0DE-8A34DA7E9C41}.Debug|x86.ActiveCfg = Debug|Win32
		{F4F4390B-0C26-46D4-A0DE-8A34DA7E9C41}.Debug|x86.Build.0 = Debug|Win32
		{F4F4390B-0C26-46D4-A0DE-8A34DA7E9C41}.Release|x64.ActiveCfg = Release|x64
		{F4F4390B-0C26-46D4-A0DE-8A34DA7E9C41}.Release|x64.Build.0 = Release|x64
		{F4F4390B-0C26-46D4-A0DE-8A34DA7E9C41}.Release|x86.ActiveCfg = Release|Win32
		{F4F4390B-0C26-46D4-A0DE-8A34DA7E9C41}.Release|x86.Build.0 = Release|Win32
		{F1394DE8-D250-4C3A-A012-A603C8C3B12E}.Debug|x64.ActiveCfg = Debug|x64
		{F1394DE8-D250-4C3A-A012-A603C8C3B12E}.Debug|x64.Build.0 = Debug|x64
		{F1394DE8-D250-4C3A-A012-A603C8C3B12E}.Debug|x86.ActiveCfg = Debug|Win32
		{F1394DE8-D250-4C3A-A012-A603C8C3B12E}.Debug|x86.Build.0 = Debug|Win32
		{F1394DE8-D250-4C3A-A012-A603C8C3B12E}.Release|x64.ActiveCfg = Release|x64
		{F1394DE8-D250-4C3A-A012-A603C8C3B12E}.Release|x64.Build.0 = Release|x64
		{F1394DE8-D250-4C3A-A012-A603C8C3B12E}.Release|x86.ActiveCfg = Release|Win32
		{F1394DE8-D250-4C3A-A012-A603C8C3B12E}.Release|x86.Build.0 = Release|Win32
		{F0348181-D12C-41F5-B4CF-C9631177F2B6}.Debug|x64.ActiveCfg = Debug|x64
		{F0348181-D12C-41F5-B4CF-C9631177F2B6}.Debug|x64.Build.0 = Debug|x64
		{F0348181-D12C-41F5-B4CF-C9631177F2B6}.Debug|x86.ActiveCfg = Debug|Win32
		{F0348181-D12C-41F5-B4CF-C9631177F2B6}.Debug|x86.Build.0 = Debug|Win32
		{F0348181-D12C-41F5-B4CF-C9631177F2B6}.Release|x64.ActiveCfg = Release|x64
		{F0348181-D12C-41F5-B4CF-C9631177F2B6}.Release|x64.Build.0 = Release|x64
		{F0348181-D12C-41F5-B4CF-C9631177F2B6}.Release|x86.ActiveCfg = Release|Win32
		{F0348181-D12C-41F5-B4CF-C9631177F2B6}.Release|x86.Build.0 = Release|Win32
		{F8552D8F-822F-4237-AA4C-87EC90944350}.Debug|x64.ActiveCfg = Debug|x64
		{F8552D8F-822F-4237-AA4C-87EC90944350}.Debug|x64.Build.0 = Debug|x64
		{F8552D8F-822F-4237-AA4C-87EC90944350}.Debug|x86.ActiveCfg = Debug|Win32
		{F8552D8F-822F-4237-AA4C-87EC90944350}.Debug|x86.Build.0 = Debug|Win32
		{F8552D8F-822F-4237-AA4C-87EC90944350}.Release|x64.ActiveCfg = Release|x64
		{F8552D8F-822F-4237-AA4C-87EC90944350}.Release|x64.Build.0 = Release|x64
		{F8552D8F-822F-4237-AA4C-87EC90944350}.Release|x86.ActiveCfg = Release|Win32
		{F8552D8F-822F-4237-AA4C-87EC90944350}.Release|x86.Build.0 = Release|Win32
		{997F359F-B7A7-4B0D-A140-BEADB9638B2A}.Debug|x64.ActiveCfg = Debug|x64
		{997F359F-B7A7-4B0D-A140-BEADB9638B2A}.Debug|x64.Build.0 = Debug|x64
		{997F359F-B7A7-4B0D-A140-BEADB9638B2A}.Debug|x86.ActiveCfg = Debug|Win32
		{997F359F-B7A7-4B0D-A140-BEADB9638B2A}.Debug|x86.Build.0 = Debug|Win32
		{997F359F-B7A7-4B0D-A140-BEADB9638B2A}.Release|x64.ActiveCfg = Release|x64
		{997F359F-B7A7-4B0D-A140-BEADB9638B2A}.Release|x64.Build.0 = Release|x64
		{997F359F-B7A7-4B0D-A140-BEADB9638B2A}.Release|x86.ActiveCfg = Release|Win32
		{997F359F-B7A7-4B0D-A140-BEADB9638B2A}.Release|x86.Build.0 = Release|Win32
		{B91BA15E-399F-4261-9DA3-7A2E5D18FF81}.Debug|x64.ActiveCfg = Debug|x64
		{B91BA15E-399F-4261-9DA3-7A2E5D18FF81}.Debug|x64.Build.0 = Debug|x64
		{B91BA15E-399F-4261-9DA3-7A2E5D18FF81}.Debug|x86.ActiveCfg = Debug|Win32
		{B91BA15E-399F-4261-9DA3-7A2E5D18FF81}.Debug|x86.Build.0 = Debug|Win32
		{B91BA15E-399F-4261-9DA3-7A2E5D18FF81}.Release|x64.ActiveCfg = Release|x64
		{B91BA15E-399F-4261-9DA3-7A2E5D18FF81}.Release|x64.Build.0 = Release|x64
		{B91BA15E-399F-4261-9DA3-7A2E5D18FF81}.Release|x86.ActiveCfg = Release|Win32
		{B91BA15E-399F-4261-9DA3-7A2E5D18FF81}.Release|x86.Build.0 = Release|Win32
		{CD8167DD-B594-474E-A3AB-A2C95BDC8459}.Debug|x64.ActiveCfg = Debug|x64
		{CD8167DD-B594-474E-A3AB-A2C95BDC8459}.Debug|x64.Build.0 = Debug|x64
		{CD8167DD-B594-474E-A3AB-A2C95BDC8459}.Debug|x86.ActiveCfg = Debug|Win32
		{CD8167DD-B594-474E-A3AB-A2C95BDC8459}.Debug|x86.Build.0 = Debug|Win32
		{CD8167DD-B594-474E-A3AB-A2C95BDC8459}.Release|x64.ActiveCfg = Release|x64
		{CD8167DD-B594-474E-A3AB-A2C95BDC8459}.Release|x64.Build.0 = Release|x64
		{CD8167DD-B594-474E-A3AB-A2C95BDC8459}.Release|x86.ActiveCfg = Release|Win32
		{CD8167DD-B594-474E-A3AB-A2C95BDC8459}.Release|x86.Build.0 = Release|Win32
		{61334980-F077-42D1-974C-D58819646ACB}.Debug|x64.ActiveCfg = Debug|x64
		{61334980-F077-42D1-974C-D58819646ACB}.Debug|x64.Build.0 = Debug|x64
		{61334980-F077-42D1-974C-D58819646ACB}.Debug|x86.ActiveCfg = Debug|Win32
		{61334980-F077-42D1-974C-D58819646ACB}.Debug|x86.Build.0 = Debug|Win32
		{61334980-F077-42D1-974C-D58819646ACB}.Release|x64.ActiveCfg = Release|x64
		{61334980-F077-42D1-974C-D58819646ACB}.Release|x64.Build.0 = Release|x64
		{61334980-F077-42D1-974C-D58819646ACB}.Release|x86.ActiveCfg = Release|Win32
		{61334980-F077-42D1-974C-D58819646ACB}.Release|x86.Build.0 = Release|Win32
		{B1F6C4CE-F28B-4A24-AC9D-01C1F7EA8790}.Debug|x64.ActiveCfg = Debug|x64
		{B1F6C4CE-F28B-4A24-AC9D-01C1F7EA8790}.Debug|x64.Build.0 = Debug|x64
		{B1F6C4CE-F28B-4A24-AC9D-01C1F7EA8790}.Debug|x86.ActiveCfg = Debug|Win32
		{B1F6C4CE-F28B-4A24-AC9D-01C1F7EA8790}.Debug|x86.Build.0 = Debug|Win32
		{B1F6C4CE-F28B-4A24-AC9D-01C1F7EA8790}.Release|x64.ActiveCfg = Release|x64
		{B1F6C4CE-F28B-4A24-AC9D-01C1F7EA8790}.Release|x64.Build.0 = Release|x64
		{B1F6C4CE-F28B-4A24-AC9D-01C1F7EA8790}.Release|x86.ActiveCfg = Release|Win32
		{B1F6C4CE-F28B-4A24-AC9D-01C1F7EA8790}.Release|x86.Build.0 = Release|Win32
		{538AA4AD-35A4-4FEB-AA04-1998B36F2BBF}.Debug|x64.ActiveCfg = Debug|x64
		{538AA4AD-35A4-4FEB-AA04-1998B36F2BBF}.Debug|x64.Build.0 = Debug|x64
		{538AA4AD-35A4-4FEB-AA04-1998B36F2BBF}.Debug|x86.ActiveCfg = Debug|Win32
		{538AA4AD-35A4-4FEB-AA04-1998B36F2BBF}.Debug|x86.Build.0 = Debug|Win32
		{538AA4AD-35A4-4FEB-AA04-1998B36F2BBF}.Release|x64.ActiveCfg = Release|x64
		{538AA4AD-35A4-4FEB-AA04-1998B36F2BBF}.Release|x64.Build.0 = Release|x64
		{538AA4AD-35A4-4FEB-AA04-1998B36F2BBF}.Release|x86.ActiveCfg = Release|Win32
		{538AA4AD-35A4-4FEB-AA04-1998B36F2BBF}.Release|x86.Build.0 = Release|Win32
		{BFD36074-950C-48CC-AF39-23BDE40A063F}.Debug|x64.ActiveCfg = Debug|x64
		{BFD36074-950C-48CC-AF39-23BDE40A063F}.Debug|x64.Build.0 = Debug|x64
		{BFD36074-950C-48CC-AF39-23BDE40A063F}.Debug|x86.ActiveCfg = Debug|Win32
		{BFD36074-950C-48CC-AF39-23BDE40A063F}.Debug|x86.Build.0 = Debug|Win32
		{BFD36074-950C-48CC-AF39-23BDE40A063F}.Release|x64.ActiveCfg = Release|x64
		{BFD36074-950C-48CC-AF39-23BDE40A063F}.Release|x64.Build.0 = Release|x64
		{BFD36074-950C-48CC-AF39-23BDE40A063F}.Release|x86.ActiveCfg = Release|Win32
		{BFD36074-950C-48CC-AF39-23BDE40A063F}.Release|x86.Build.0 = Release|Win32
		{70239255-E0D1-442E-A3DF-CBF6097A0436}.Debug|x64.ActiveCfg = Debug|x64
		{70239255-E0D1-442E-A3DF-CBF6097A0436}.Debug|x64.Build.0 = Debug|x64
		{70239255-E0D1-442E-A3DF-CBF6097A0436}.Debug|x86.ActiveCfg = Debug|Win32
		{70239255-E0D1-442E-A3DF-CBF6097A0436}.Debug|x86.Build.0 = Debug|Win32
		{70239255-E0D1-442E-A3DF-CBF6097A0436}.Release|x64.ActiveCfg = Release|x64
		{70239255-E0D1-442E-A3DF-CBF6097A0436}.Release|x64.Build.0 = Release|x64
		{70239255-E0D1-442E-A3DF-CBF6097A0436}.Release|x86.ActiveCfg = Release|Win32
		{70239255-E0D1-442E-A3DF-CBF6097A0436}.Release|x86.Build.0 = Release|Win32
		{F178DBF3-B133-471D-B7EC-43FA82441601}.Debug|x64.ActiveCfg = Debug|x64
		{F178DBF3-B133-471D-B7EC-43FA82441601}.Debug|x64.Build.0 = Debug|x64
		{F178DBF3-B133-471D-B7EC-43FA82441601}.Debug|x86.ActiveCfg = Debug|Win32
		{F178DBF3-B133-471D-B7EC-43FA82441601}.Debug|x86.Build.0 = Debug|Win32
		{F178DBF3-B133-471D-B7EC-43FA82441601}.Release|x64.ActiveCfg = Release|x64
		{F178DBF3-B133-471D-B7EC-43FA82441601}.Release|x64.Build.0 = Release|x64
		{F178DBF3-B133-471D-B7EC-43FA82441601}.Release|x86.ActiveCfg = Release|Win32
		{F178DBF3-B133-471D-B7EC-43FA82441601}.Release|x86.Build.0 = Release|Win32
		{ABCD7890-C9A6-4538-BEBA-AEF088CFD9C2}.Debug|x64.ActiveCfg = Debug|x64
		{ABCD7890-C9A6-4538-BEBA-AEF088CFD9C2}.Debug|x64.Build.0 = Debug|x64
		{ABCD7890-C9A6-4538-BEBA-AEF088CFD9C2}.Debug|x86.ActiveCfg = Debug|Win32
		{ABCD7890-C9A6-4538-BEBA-AEF088CFD9C2}.Debug|x86.Build.0 = Debug|Win32
		{ABCD7890-C9A6-4538-BEBA-AEF088CFD9C2}.Release|x64.ActiveCfg = Release|x64
		{ABCD7890-C9A6-4538-BEBA-AEF088CFD9C2}.Release|x64.Build.0 = Release|x64
		{ABCD7890-C9A6-4538-BEBA-AEF088CFD9C2}.Release|x86.ActiveCfg = Release|Win32
		{ABCD7890-C9A6-4538-BEBA-AEF088CFD9C2}.Release|x86.Build.0 = Release|Win32
		{665828C1-BEAF-45E1-B167-44EAAD763E50}.Debug|x64.ActiveCfg = Debug|x64
		{665828C1-BEAF-45E1-B167-44EAAD763E50}.Debug|x64.Build.0 = Debug|x64
		{665828C1-BEAF-45E1-B167-44EAAD763E50}.Debug|x86.ActiveCfg = Debug|Win32
		{665828C1-BEAF-45E1-B167-44EAAD763E50}.Debug|x86.Build.0 = Debug|Win32
		{665828C1-BEAF-45E1-B167-44EAAD763E50}.Release|x64.ActiveCfg = Release|x64
		{665828C1-BEAF-45E1-B167-44EAAD763E50}.Release|x64.Build.0 = Release|x64
		{665828C1-BEAF-45E1-B167-44EAAD763E50}.Release|x86.ActiveCfg = Release|Win32
		{665828C1-BEAF-45E1-B167-44EAAD763E50}.Release|x86.Build.0 = Release|Win32
		{564567AE-D96F-4794-B8EC-1ADC5B7CF1F4}.Debug|x64.ActiveCfg = Debug|x64
		{564567AE-D96F-4794-B8EC-1ADC5B7CF1F4}.Debug|x64.Build.0 = Debug|x64
		{564567AE-D96F-4794-B8EC-1ADC5B7CF1F4}.Debug|x86.ActiveCfg = Debug|Win32
		{564567AE-D96F-4794-B8EC-1ADC5B7CF1F4}.Debug|x86.Build.0 = Debug|Win32
		{564567AE-D96F-4794-B8EC-1ADC5B7CF1F4}.Release|x64.ActiveCfg = Release|x64
		{564567AE-D96F-4794-B8EC-1ADC5B7CF1F4}.Release|x64.Build.0 = Release|x64
		{564567AE-D96F-4794-B8EC-1ADC5B7CF1F4}.Release|x86.ActiveCfg = Release|Win32
		{564567AE-D96F-4794-B8EC-1ADC5B7CF1F4}.Release|x86.Build.0 = Release|Win32
		{A206ECBE-F920-4F56-9B6C-3D0B7F6DC3F9}.Debug|x64.ActiveCfg = Debug|x64
		{A206ECBE-F920-4F56-9B6C-3D0B7F6DC3F9}.Debug|x64.Build.0 = Debug|x64
		{A206ECBE-F920-4F56-9B6C-3D0B7F6DC3F9}.Debug|x86.ActiveCfg = Debug|Win32
		{A206ECBE-F920-4F56-9B6C-3D0B7F6DC3F9}.Debug|x86.Build.0 = Debug|Win32
		{A206ECBE-F920-4F56-9B6C-3D0B7F6DC3F9}.Release|x64.ActiveCfg = Release|x64
		{A206ECBE-F920-4F56-9B6C-3D0B7F6DC3F9}.Release|x64.Build.0 = Release|x64
		{A206ECBE-F920-4F56-9B6C-3D0B7F6DC3F9}.Release|x86.ActiveCfg = Release|Win32
		{A206ECBE-F920-4F56-9B6C-3D0B7F6DC3F9}.Release|x86.Build.0 = Release|Win32
		{EAD7B1CD-77FE-44AB-B188-FA028DCFFAA5}.Debug|x64.ActiveCfg = Debug|x64
		{EAD7B1CD-77FE-44AB-B188-FA028DCFFAA5}.Debug|x64.Build.0 = Debug|x64
		{EAD7B1CD-77FE-44AB-B188-FA028DCFFAA5}.Debug|x86.ActiveCfg = Debug|Win32
		{EAD7B1CD-77FE-44AB-B188-FA028DCFFAA5}.Debug|x86.Build.0 = Debug|Win32
		{EAD7B1CD-77FE-44AB-B188-FA028DCFFAA5}.Release|x64.ActiveCfg = Release|x64
		{EAD7B1CD-77FE-44AB-B188-FA028DCFFAA5}.Release|x64.Build.0 = Release|x64
		{EAD7B1CD-77FE-44AB-B188-FA028DCFFAA5}.Release|x86.ActiveCfg = Release|Win32
		{EAD7B1CD-77FE-44AB-B188-FA028DCFFAA5}.Release|x86.Build.0 = Release|Win32
	EndGlobalSection
	GlobalSection(SolutionProperties) = preSolution
		HideSolutionNode = FALSE
	EndGlobalSection
	GlobalSection(ExtensibilityGlobals) = postSolution
		SolutionGuid = {589FAEEA-D94A-4A45-9D8A-9A6AE5FED477}
	EndGlobalSection
EndGlobal
