
Microsoft Visual Studio Solution File, Format Version 12.00
# Visual Studio Version 17
VisualStudioVersion = 17.4.33213.308
MinimumVisualStudioVersion = 10.0.40219.1
Project("{2150E333-8FDC-42A3-9474-1A3956D46DE8}") = "실습", "실습", "{F5E3EF86-7545-4F3E-BA5E-7868EAC37A08}"
EndProject
Project("{8BC9CEB8-8B4A-11D0-8D11-00A0C91BC942}") = "0314 - GPU Array Sum", "Training\0314 - Array Sum\0314 - Array Sum.vcxproj", "{2CFEEBFF-6FF7-4DB5-86B6-828B3F463090}"
EndProject
Project("{8BC9CEB8-8B4A-11D0-8D11-00A0C91BC942}") = "0314 - CPU Array Sum", "Training\0314 - CPU Array Sum\0314 - CPU Array Sum.vcxproj", "{66D033CC-0FE7-4114-8860-F373B857F0CD}"
EndProject
Project("{8BC9CEB8-8B4A-11D0-8D11-00A0C91BC942}") = "0321 - GPU MultMat", "Training\0314 - GPU MultMat\0314 - GPU MultMat.vcxproj", "{A1A832FB-4FDB-4552-9B32-ACDECC3B5B83}"
EndProject
Project("{8BC9CEB8-8B4A-11D0-8D11-00A0C91BC942}") = "0321 - CPU MultMat", "Training\0314 - CPU MultMat\0314 - CPU MultMat.vcxproj", "{084A5845-5A24-4801-BAA0-50C7FC7C622F}"
EndProject
Project("{8BC9CEB8-8B4A-11D0-8D11-00A0C91BC942}") = "CudaRuntime1", "Training\CudaRuntime1\CudaRuntime1.vcxproj", "{FEDE4B88-9AD6-4819-AA55-87504227F230}"
EndProject
Global
	GlobalSection(SolutionConfigurationPlatforms) = preSolution
		Debug|x64 = Debug|x64
		Debug|x86 = Debug|x86
		Release|x64 = Release|x64
		Release|x86 = Release|x86
	EndGlobalSection
	GlobalSection(ProjectConfigurationPlatforms) = postSolution
		{2CFEEBFF-6FF7-4DB5-86B6-828B3F463090}.Debug|x64.ActiveCfg = Debug|x64
		{2CFEEBFF-6FF7-4DB5-86B6-828B3F463090}.Debug|x64.Build.0 = Debug|x64
		{2CFEEBFF-6FF7-4DB5-86B6-828B3F463090}.Debug|x86.ActiveCfg = Debug|x64
		{2CFEEBFF-6FF7-4DB5-86B6-828B3F463090}.Debug|x86.Build.0 = Debug|x64
		{2CFEEBFF-6FF7-4DB5-86B6-828B3F463090}.Release|x64.ActiveCfg = Release|x64
		{2CFEEBFF-6FF7-4DB5-86B6-828B3F463090}.Release|x64.Build.0 = Release|x64
		{2CFEEBFF-6FF7-4DB5-86B6-828B3F463090}.Release|x86.ActiveCfg = Release|x64
		{2CFEEBFF-6FF7-4DB5-86B6-828B3F463090}.Release|x86.Build.0 = Release|x64
		{66D033CC-0FE7-4114-8860-F373B857F0CD}.Debug|x64.ActiveCfg = Debug|x64
		{66D033CC-0FE7-4114-8860-F373B857F0CD}.Debug|x64.Build.0 = Debug|x64
		{66D033CC-0FE7-4114-8860-F373B857F0CD}.Debug|x86.ActiveCfg = Debug|Win32
		{66D033CC-0FE7-4114-8860-F373B857F0CD}.Debug|x86.Build.0 = Debug|Win32
		{66D033CC-0FE7-4114-8860-F373B857F0CD}.Release|x64.ActiveCfg = Release|x64
		{66D033CC-0FE7-4114-8860-F373B857F0CD}.Release|x64.Build.0 = Release|x64
		{66D033CC-0FE7-4114-8860-F373B857F0CD}.Release|x86.ActiveCfg = Release|Win32
		{66D033CC-0FE7-4114-8860-F373B857F0CD}.Release|x86.Build.0 = Release|Win32
		{A1A832FB-4FDB-4552-9B32-ACDECC3B5B83}.Debug|x64.ActiveCfg = Debug|x64
		{A1A832FB-4FDB-4552-9B32-ACDECC3B5B83}.Debug|x64.Build.0 = Debug|x64
		{A1A832FB-4FDB-4552-9B32-ACDECC3B5B83}.Debug|x86.ActiveCfg = Debug|x64
		{A1A832FB-4FDB-4552-9B32-ACDECC3B5B83}.Debug|x86.Build.0 = Debug|x64
		{A1A832FB-4FDB-4552-9B32-ACDECC3B5B83}.Release|x64.ActiveCfg = Release|x64
		{A1A832FB-4FDB-4552-9B32-ACDECC3B5B83}.Release|x64.Build.0 = Release|x64
		{A1A832FB-4FDB-4552-9B32-ACDECC3B5B83}.Release|x86.ActiveCfg = Release|x64
		{A1A832FB-4FDB-4552-9B32-ACDECC3B5B83}.Release|x86.Build.0 = Release|x64
		{084A5845-5A24-4801-BAA0-50C7FC7C622F}.Debug|x64.ActiveCfg = Debug|x64
		{084A5845-5A24-4801-BAA0-50C7FC7C622F}.Debug|x64.Build.0 = Debug|x64
		{084A5845-5A24-4801-BAA0-50C7FC7C622F}.Debug|x86.ActiveCfg = Debug|Win32
		{084A5845-5A24-4801-BAA0-50C7FC7C622F}.Debug|x86.Build.0 = Debug|Win32
		{084A5845-5A24-4801-BAA0-50C7FC7C622F}.Release|x64.ActiveCfg = Release|x64
		{084A5845-5A24-4801-BAA0-50C7FC7C622F}.Release|x64.Build.0 = Release|x64
		{084A5845-5A24-4801-BAA0-50C7FC7C622F}.Release|x86.ActiveCfg = Release|Win32
		{084A5845-5A24-4801-BAA0-50C7FC7C622F}.Release|x86.Build.0 = Release|Win32
		{FEDE4B88-9AD6-4819-AA55-87504227F230}.Debug|x64.ActiveCfg = Debug|x64
		{FEDE4B88-9AD6-4819-AA55-87504227F230}.Debug|x64.Build.0 = Debug|x64
		{FEDE4B88-9AD6-4819-AA55-87504227F230}.Debug|x86.ActiveCfg = Debug|x64
		{FEDE4B88-9AD6-4819-AA55-87504227F230}.Debug|x86.Build.0 = Debug|x64
		{FEDE4B88-9AD6-4819-AA55-87504227F230}.Release|x64.ActiveCfg = Release|x64
		{FEDE4B88-9AD6-4819-AA55-87504227F230}.Release|x64.Build.0 = Release|x64
		{FEDE4B88-9AD6-4819-AA55-87504227F230}.Release|x86.ActiveCfg = Release|x64
		{FEDE4B88-9AD6-4819-AA55-87504227F230}.Release|x86.Build.0 = Release|x64
	EndGlobalSection
	GlobalSection(SolutionProperties) = preSolution
		HideSolutionNode = FALSE
	EndGlobalSection
	GlobalSection(NestedProjects) = preSolution
		{2CFEEBFF-6FF7-4DB5-86B6-828B3F463090} = {F5E3EF86-7545-4F3E-BA5E-7868EAC37A08}
		{66D033CC-0FE7-4114-8860-F373B857F0CD} = {F5E3EF86-7545-4F3E-BA5E-7868EAC37A08}
		{A1A832FB-4FDB-4552-9B32-ACDECC3B5B83} = {F5E3EF86-7545-4F3E-BA5E-7868EAC37A08}
		{084A5845-5A24-4801-BAA0-50C7FC7C622F} = {F5E3EF86-7545-4F3E-BA5E-7868EAC37A08}
		{FEDE4B88-9AD6-4819-AA55-87504227F230} = {F5E3EF86-7545-4F3E-BA5E-7868EAC37A08}
	EndGlobalSection
	GlobalSection(ExtensibilityGlobals) = postSolution
		SolutionGuid = {F3F2B4C9-1E49-4314-8AD3-325756A8EE61}
	EndGlobalSection
EndGlobal
